# This file was autogenerated by uv via the following command:
#    uv pip compile -o requirements.lock pyproject.toml
annotated-types==0.7.0
    # via pydantic
click==8.2.1
    # via typer
colorama==0.4.6
    # via copier
copier==9.8.0
    # via pspm (pyproject.toml)
dunamai==1.25.0
    # via copier
funcy==2.0
    # via copier
jinja2==3.1.6
    # via
    #   copier
    #   jinja2-ansible-filters
jinja2-ansible-filters==1.3.2
    # via copier
markdown-it-py==3.0.0
    # via rich
markupsafe==3.0.2
    # via jinja2
mdurl==0.1.2
    # via markdown-it-py
packaging==25.0
    # via
    #   copier
    #   dunamai
pathspec==0.12.1
    # via copier
platformdirs==4.3.8
    # via copier
plumbum==1.9.0
    # via copier
prompt-toolkit==3.0.51
    # via questionary
pydantic==2.11.7
    # via copier
pydantic-core==2.33.2
    # via pydantic
pygments==2.19.2
    # via
    #   copier
    #   rich
pyyaml==6.0.2
    # via
    #   copier
    #   jinja2-ansible-filters
questionary==2.1.0
    # via copier
rich==14.0.0
    # via typer
shellingham==1.5.4
    # via typer
tomli-w==1.2.0
    # via pspm (pyproject.toml)
typer==0.16.0
    # via pspm (pyproject.toml)
typing-extensions==4.14.1
    # via
    #   pydantic
    #   pydantic-core
    #   typer
    #   typing-inspection
typing-inspection==0.4.1
    # via pydantic
wcwidth==0.2.13
    # via prompt-toolkit
